
Microsoft Visual Studio Solution File, Format Version 12.00
# Visual Studio Version 16
VisualStudioVersion = 16.0.29806.167
MinimumVisualStudioVersion = 10.0.40219.1
Project("{9A19103F-16F7-4668-BE54-9A1E7A4F7556}") = "SimplexCore", "SimplexCore\SimplexCore.csproj", "{9753855B-3A97-460D-A376-AFDE5D44120C}"
EndProject
Project("{9A19103F-16F7-4668-BE54-9A1E7A4F7556}") = "SimplexGUI", "SimplexGUI\SimplexGUI.csproj", "{BF9A181E-0A58-4981-AC27-37471E3026CF}"
EndProject
Project("{9A19103F-16F7-4668-BE54-9A1E7A4F7556}") = "SimplexBVT", "SimplexBVT\SimplexBVT.csproj", "{0D4B0592-FB0C-440F-A0BA-5A2BAFCEE390}"
EndProject
Project("{9A19103F-16F7-4668-BE54-9A1E7A4F7556}") = "SimplexEntity", "Simplex3D\SimplexEntity.csproj", "{C7BF6964-C275-4D75-836C-E61CD939D4FD}"
EndProject
Project("{9A19103F-16F7-4668-BE54-9A1E7A4F7556}") = "SimplexNet", "SimplexNet\SimplexNet.csproj", "{A08488FE-2A77-486B-A2D6-27DA991A45B3}"
EndProject
Project("{9A19103F-16F7-4668-BE54-9A1E7A4F7556}") = "SimplexEditor", "SimplexEditor\SimplexEditor.csproj", "{253148EE-010A-4EF3-AB5B-8769D943BBA5}"
EndProject
Project("{9A19103F-16F7-4668-BE54-9A1E7A4F7556}") = "SimplexTestApp", "SimplexTestApp\SimplexTestApp.csproj", "{BF7F02CE-127C-4E99-9D25-4F170073D1A6}"
EndProject
Global
	GlobalSection(SolutionConfigurationPlatforms) = preSolution
		Debug|Any CPU = Debug|Any CPU
		Release|Any CPU = Release|Any CPU
	EndGlobalSection
	GlobalSection(ProjectConfigurationPlatforms) = postSolution
		{9753855B-3A97-460D-A376-AFDE5D44120C}.Debug|Any CPU.ActiveCfg = Debug|Any CPU
		{9753855B-3A97-460D-A376-AFDE5D44120C}.Debug|Any CPU.Build.0 = Debug|Any CPU
		{9753855B-3A97-460D-A376-AFDE5D44120C}.Release|Any CPU.ActiveCfg = Release|Any CPU
		{9753855B-3A97-460D-A376-AFDE5D44120C}.Release|Any CPU.Build.0 = Release|Any CPU
		{BF9A181E-0A58-4981-AC27-37471E3026CF}.Debug|Any CPU.ActiveCfg = Debug|Any CPU
		{BF9A181E-0A58-4981-AC27-37471E3026CF}.Debug|Any CPU.Build.0 = Debug|Any CPU
		{BF9A181E-0A58-4981-AC27-37471E3026CF}.Release|Any CPU.ActiveCfg = Release|Any CPU
		{BF9A181E-0A58-4981-AC27-37471E3026CF}.Release|Any CPU.Build.0 = Release|Any CPU
		{0D4B0592-FB0C-440F-A0BA-5A2BAFCEE390}.Debug|Any CPU.ActiveCfg = Debug|Any CPU
		{0D4B0592-FB0C-440F-A0BA-5A2BAFCEE390}.Debug|Any CPU.Build.0 = Debug|Any CPU
		{0D4B0592-FB0C-440F-A0BA-5A2BAFCEE390}.Release|Any CPU.ActiveCfg = Release|Any CPU
		{0D4B0592-FB0C-440F-A0BA-5A2BAFCEE390}.Release|Any CPU.Build.0 = Release|Any CPU
		{C7BF6964-C275-4D75-836C-E61CD939D4FD}.Debug|Any CPU.ActiveCfg = Debug|Any CPU
		{C7BF6964-C275-4D75-836C-E61CD939D4FD}.Debug|Any CPU.Build.0 = Debug|Any CPU
		{C7BF6964-C275-4D75-836C-E61CD939D4FD}.Release|Any CPU.ActiveCfg = Release|Any CPU
		{C7BF6964-C275-4D75-836C-E61CD939D4FD}.Release|Any CPU.Build.0 = Release|Any CPU
		{A08488FE-2A77-486B-A2D6-27DA991A45B3}.Debug|Any CPU.ActiveCfg = Debug|Any CPU
		{A08488FE-2A77-486B-A2D6-27DA991A45B3}.Debug|Any CPU.Build.0 = Debug|Any CPU
		{A08488FE-2A77-486B-A2D6-27DA991A45B3}.Release|Any CPU.ActiveCfg = Release|Any CPU
		{A08488FE-2A77-486B-A2D6-27DA991A45B3}.Release|Any CPU.Build.0 = Release|Any CPU
		{253148EE-010A-4EF3-AB5B-8769D943BBA5}.Debug|Any CPU.ActiveCfg = Debug|Any CPU
		{253148EE-010A-4EF3-AB5B-8769D943BBA5}.Debug|Any CPU.Build.0 = Debug|Any CPU
		{253148EE-010A-4EF3-AB5B-8769D943BBA5}.Release|Any CPU.ActiveCfg = Release|Any CPU
		{253148EE-010A-4EF3-AB5B-8769D943BBA5}.Release|Any CPU.Build.0 = Release|Any CPU
		{BF7F02CE-127C-4E99-9D25-4F170073D1A6}.Debug|Any CPU.ActiveCfg = Debug|Any CPU
		{BF7F02CE-127C-4E99-9D25-4F170073D1A6}.Debug|Any CPU.Build.0 = Debug|Any CPU
		{BF7F02CE-127C-4E99-9D25-4F170073D1A6}.Release|Any CPU.ActiveCfg = Release|Any CPU
		{BF7F02CE-127C-4E99-9D25-4F170073D1A6}.Release|Any CPU.Build.0 = Release|Any CPU
	EndGlobalSection
	GlobalSection(SolutionProperties) = preSolution
		HideSolutionNode = FALSE
	EndGlobalSection
	GlobalSection(ExtensibilityGlobals) = postSolution
		SolutionGuid = {90B9FDB5-8D25-4359-99F8-8C80FF229055}
	EndGlobalSection
EndGlobal
